// !$*UTF8*$!
{
	archiveVersion = 1;
	classes = {
	};
	objectVersion = 50;
	objects = {

/* Begin PBXBuildFile section */
		DC13982A23B3EC0C0051DF12 /* AppDelegate.swift in Sources */ = {isa = PBXBuildFile; fileRef = DC13982923B3EC0C0051DF12 /* AppDelegate.swift */; };
		DC13982C23B3EC0C0051DF12 /* SceneDelegate.swift in Sources */ = {isa = PBXBuildFile; fileRef = DC13982B23B3EC0C0051DF12 /* SceneDelegate.swift */; };
		DC13983323B3EC0D0051DF12 /* Assets.xcassets in Resources */ = {isa = PBXBuildFile; fileRef = DC13983223B3EC0D0051DF12 /* Assets.xcassets */; };
		DC13984123B3EC0D0051DF12 /* ClassfiedsMVVMTests.swift in Sources */ = {isa = PBXBuildFile; fileRef = DC13984023B3EC0D0051DF12 /* ClassfiedsMVVMTests.swift */; };
		DC13984C23B3EC0D0051DF12 /* ClassfiedsMVVMUITests.swift in Sources */ = {isa = PBXBuildFile; fileRef = DC13984B23B3EC0D0051DF12 /* ClassfiedsMVVMUITests.swift */; };
		DC13986023B3ED610051DF12 /* Default-568h@2x.png in Resources */ = {isa = PBXBuildFile; fileRef = DC13985F23B3ED610051DF12 /* Default-568h@2x.png */; };
		DC13986423B4E5440051DF12 /* Category.swift in Sources */ = {isa = PBXBuildFile; fileRef = DC13986323B4E5440051DF12 /* Category.swift */; };
		DC13986623B4E5B70051DF12 /* JsonModel.swift in Sources */ = {isa = PBXBuildFile; fileRef = DC13986523B4E5B70051DF12 /* JsonModel.swift */; };
		DC13986923B4E64D0051DF12 /* WelcomeVC.swift in Sources */ = {isa = PBXBuildFile; fileRef = DC13986823B4E64D0051DF12 /* WelcomeVC.swift */; };
		DC13986B23B4E6850051DF12 /* CategoriesVC.swift in Sources */ = {isa = PBXBuildFile; fileRef = DC13986A23B4E6850051DF12 /* CategoriesVC.swift */; };
		DC13986D23B4E6AA0051DF12 /* ImagesVC.swift in Sources */ = {isa = PBXBuildFile; fileRef = DC13986C23B4E6AA0051DF12 /* ImagesVC.swift */; };
		DC13986F23B4E6CD0051DF12 /* DetailsVC.swift in Sources */ = {isa = PBXBuildFile; fileRef = DC13986E23B4E6CD0051DF12 /* DetailsVC.swift */; };
		DC13987123B4E7C70051DF12 /* CustomImageView.swift in Sources */ = {isa = PBXBuildFile; fileRef = DC13987023B4E7C70051DF12 /* CustomImageView.swift */; };
		DC13987323B4E7F10051DF12 /* CustomCell.swift in Sources */ = {isa = PBXBuildFile; fileRef = DC13987223B4E7F10051DF12 /* CustomCell.swift */; };
		DC13987623B4E87B0051DF12 /* Extensions.swift in Sources */ = {isa = PBXBuildFile; fileRef = DC13987523B4E87B0051DF12 /* Extensions.swift */; };
		DC13987823B4E8B80051DF12 /* SQLiteManager.swift in Sources */ = {isa = PBXBuildFile; fileRef = DC13987723B4E8B80051DF12 /* SQLiteManager.swift */; };
		DC13987A23B4E9C60051DF12 /* APIRequest.swift in Sources */ = {isa = PBXBuildFile; fileRef = DC13987923B4E9C60051DF12 /* APIRequest.swift */; };
		DC13987C23B4EBCB0051DF12 /* WelcomeViewModel.swift in Sources */ = {isa = PBXBuildFile; fileRef = DC13987B23B4EBCB0051DF12 /* WelcomeViewModel.swift */; };
		DC13987E23B4EFEC0051DF12 /* Box.swift in Sources */ = {isa = PBXBuildFile; fileRef = DC13987D23B4EFEC0051DF12 /* Box.swift */; };
		DC13988023B4FAFC0051DF12 /* CustomImageViewModel.swift in Sources */ = {isa = PBXBuildFile; fileRef = DC13987F23B4FAFC0051DF12 /* CustomImageViewModel.swift */; };
		DC13988223B53AF30051DF12 /* CategoriesViewModel.swift in Sources */ = {isa = PBXBuildFile; fileRef = DC13988123B53AF30051DF12 /* CategoriesViewModel.swift */; };
/* End PBXBuildFile section */

/* Begin PBXContainerItemProxy section */
		DC13983D23B3EC0D0051DF12 /* PBXContainerItemProxy */ = {
			isa = PBXContainerItemProxy;
			containerPortal = DC13981E23B3EC0C0051DF12 /* Project object */;
			proxyType = 1;
			remoteGlobalIDString = DC13982523B3EC0C0051DF12;
			remoteInfo = ClassfiedsMVVM;
		};
		DC13984823B3EC0D0051DF12 /* PBXContainerItemProxy */ = {
			isa = PBXContainerItemProxy;
			containerPortal = DC13981E23B3EC0C0051DF12 /* Project object */;
			proxyType = 1;
			remoteGlobalIDString = DC13982523B3EC0C0051DF12;
			remoteInfo = ClassfiedsMVVM;
		};
/* End PBXContainerItemProxy section */

/* Begin PBXFileReference section */
		DC13982623B3EC0C0051DF12 /* ClassfiedsMVVM.app */ = {isa = PBXFileReference; explicitFileType = wrapper.application; includeInIndex = 0; path = ClassfiedsMVVM.app; sourceTree = BUILT_PRODUCTS_DIR; };
		DC13982923B3EC0C0051DF12 /* AppDelegate.swift */ = {isa = PBXFileReference; lastKnownFileType = sourcecode.swift; path = AppDelegate.swift; sourceTree = "<group>"; };
		DC13982B23B3EC0C0051DF12 /* SceneDelegate.swift */ = {isa = PBXFileReference; lastKnownFileType = sourcecode.swift; path = SceneDelegate.swift; sourceTree = "<group>"; };
		DC13983223B3EC0D0051DF12 /* Assets.xcassets */ = {isa = PBXFileReference; lastKnownFileType = folder.assetcatalog; path = Assets.xcassets; sourceTree = "<group>"; };
		DC13983723B3EC0D0051DF12 /* Info.plist */ = {isa = PBXFileReference; lastKnownFileType = text.plist.xml; path = Info.plist; sourceTree = "<group>"; };
		DC13983C23B3EC0D0051DF12 /* ClassfiedsMVVMTests.xctest */ = {isa = PBXFileReference; explicitFileType = wrapper.cfbundle; includeInIndex = 0; path = ClassfiedsMVVMTests.xctest; sourceTree = BUILT_PRODUCTS_DIR; };
		DC13984023B3EC0D0051DF12 /* ClassfiedsMVVMTests.swift */ = {isa = PBXFileReference; lastKnownFileType = sourcecode.swift; path = ClassfiedsMVVMTests.swift; sourceTree = "<group>"; };
		DC13984223B3EC0D0051DF12 /* Info.plist */ = {isa = PBXFileReference; lastKnownFileType = text.plist.xml; path = Info.plist; sourceTree = "<group>"; };
		DC13984723B3EC0D0051DF12 /* ClassfiedsMVVMUITests.xctest */ = {isa = PBXFileReference; explicitFileType = wrapper.cfbundle; includeInIndex = 0; path = ClassfiedsMVVMUITests.xctest; sourceTree = BUILT_PRODUCTS_DIR; };
		DC13984B23B3EC0D0051DF12 /* ClassfiedsMVVMUITests.swift */ = {isa = PBXFileReference; lastKnownFileType = sourcecode.swift; path = ClassfiedsMVVMUITests.swift; sourceTree = "<group>"; };
		DC13984D23B3EC0D0051DF12 /* Info.plist */ = {isa = PBXFileReference; lastKnownFileType = text.plist.xml; path = Info.plist; sourceTree = "<group>"; };
		DC13985F23B3ED610051DF12 /* Default-568h@2x.png */ = {isa = PBXFileReference; lastKnownFileType = image.png; path = "Default-568h@2x.png"; sourceTree = "<group>"; };
		DC13986323B4E5440051DF12 /* Category.swift */ = {isa = PBXFileReference; lastKnownFileType = sourcecode.swift; path = Category.swift; sourceTree = "<group>"; };
		DC13986523B4E5B70051DF12 /* JsonModel.swift */ = {isa = PBXFileReference; lastKnownFileType = sourcecode.swift; path = JsonModel.swift; sourceTree = "<group>"; };
		DC13986823B4E64D0051DF12 /* WelcomeVC.swift */ = {isa = PBXFileReference; lastKnownFileType = sourcecode.swift; path = WelcomeVC.swift; sourceTree = "<group>"; };
		DC13986A23B4E6850051DF12 /* CategoriesVC.swift */ = {isa = PBXFileReference; lastKnownFileType = sourcecode.swift; path = CategoriesVC.swift; sourceTree = "<group>"; };
		DC13986C23B4E6AA0051DF12 /* ImagesVC.swift */ = {isa = PBXFileReference; lastKnownFileType = sourcecode.swift; path = ImagesVC.swift; sourceTree = "<group>"; };
		DC13986E23B4E6CD0051DF12 /* DetailsVC.swift */ = {isa = PBXFileReference; lastKnownFileType = sourcecode.swift; path = DetailsVC.swift; sourceTree = "<group>"; };
		DC13987023B4E7C70051DF12 /* CustomImageView.swift */ = {isa = PBXFileReference; lastKnownFileType = sourcecode.swift; path = CustomImageView.swift; sourceTree = "<group>"; };
		DC13987223B4E7F10051DF12 /* CustomCell.swift */ = {isa = PBXFileReference; lastKnownFileType = sourcecode.swift; path = CustomCell.swift; sourceTree = "<group>"; };
		DC13987523B4E87B0051DF12 /* Extensions.swift */ = {isa = PBXFileReference; lastKnownFileType = sourcecode.swift; path = Extensions.swift; sourceTree = "<group>"; };
		DC13987723B4E8B80051DF12 /* SQLiteManager.swift */ = {isa = PBXFileReference; lastKnownFileType = sourcecode.swift; path = SQLiteManager.swift; sourceTree = "<group>"; };
		DC13987923B4E9C60051DF12 /* APIRequest.swift */ = {isa = PBXFileReference; lastKnownFileType = sourcecode.swift; path = APIRequest.swift; sourceTree = "<group>"; };
		DC13987B23B4EBCB0051DF12 /* WelcomeViewModel.swift */ = {isa = PBXFileReference; lastKnownFileType = sourcecode.swift; path = WelcomeViewModel.swift; sourceTree = "<group>"; };
		DC13987D23B4EFEC0051DF12 /* Box.swift */ = {isa = PBXFileReference; lastKnownFileType = sourcecode.swift; path = Box.swift; sourceTree = "<group>"; };
		DC13987F23B4FAFC0051DF12 /* CustomImageViewModel.swift */ = {isa = PBXFileReference; lastKnownFileType = sourcecode.swift; path = CustomImageViewModel.swift; sourceTree = "<group>"; };
		DC13988123B53AF30051DF12 /* CategoriesViewModel.swift */ = {isa = PBXFileReference; lastKnownFileType = sourcecode.swift; path = CategoriesViewModel.swift; sourceTree = "<group>"; };
/* End PBXFileReference section */

/* Begin PBXFrameworksBuildPhase section */
		DC13982323B3EC0C0051DF12 /* Frameworks */ = {
			isa = PBXFrameworksBuildPhase;
			buildActionMask = 2147483647;
			files = (
			);
			runOnlyForDeploymentPostprocessing = 0;
		};
		DC13983923B3EC0D0051DF12 /* Frameworks */ = {
			isa = PBXFrameworksBuildPhase;
			buildActionMask = 2147483647;
			files = (
			);
			runOnlyForDeploymentPostprocessing = 0;
		};
		DC13984423B3EC0D0051DF12 /* Frameworks */ = {
			isa = PBXFrameworksBuildPhase;
			buildActionMask = 2147483647;
			files = (
			);
			runOnlyForDeploymentPostprocessing = 0;
		};
/* End PBXFrameworksBuildPhase section */

/* Begin PBXGroup section */
		DC13981D23B3EC0C0051DF12 = {
			isa = PBXGroup;
			children = (
				DC13985F23B3ED610051DF12 /* Default-568h@2x.png */,
				DC13982823B3EC0C0051DF12 /* ClassfiedsMVVM */,
				DC13983F23B3EC0D0051DF12 /* ClassfiedsMVVMTests */,
				DC13984A23B3EC0D0051DF12 /* ClassfiedsMVVMUITests */,
				DC13982723B3EC0C0051DF12 /* Products */,
			);
			sourceTree = "<group>";
		};
		DC13982723B3EC0C0051DF12 /* Products */ = {
			isa = PBXGroup;
			children = (
				DC13982623B3EC0C0051DF12 /* ClassfiedsMVVM.app */,
				DC13983C23B3EC0D0051DF12 /* ClassfiedsMVVMTests.xctest */,
				DC13984723B3EC0D0051DF12 /* ClassfiedsMVVMUITests.xctest */,
			);
			name = Products;
			sourceTree = "<group>";
		};
		DC13982823B3EC0C0051DF12 /* ClassfiedsMVVM */ = {
			isa = PBXGroup;
			children = (
				DC13985923B3EC4D0051DF12 /* Application */,
				DC13985A23B3EC620051DF12 /* Domain */,
				DC13985B23B3EC6E0051DF12 /* Presentation */,
				DC13985C23B3EC970051DF12 /* Data */,
				DC13985D23B3ECB60051DF12 /* Resources */,
				DC13985E23B3ECBD0051DF12 /* Infrastructure */,
				DC13987423B4E8600051DF12 /* Helpers */,
			);
			path = ClassfiedsMVVM;
			sourceTree = "<group>";
		};
		DC13983F23B3EC0D0051DF12 /* ClassfiedsMVVMTests */ = {
			isa = PBXGroup;
			children = (
				DC13984023B3EC0D0051DF12 /* ClassfiedsMVVMTests.swift */,
				DC13984223B3EC0D0051DF12 /* Info.plist */,
			);
			path = ClassfiedsMVVMTests;
			sourceTree = "<group>";
		};
		DC13984A23B3EC0D0051DF12 /* ClassfiedsMVVMUITests */ = {
			isa = PBXGroup;
			children = (
				DC13984B23B3EC0D0051DF12 /* ClassfiedsMVVMUITests.swift */,
				DC13984D23B3EC0D0051DF12 /* Info.plist */,
			);
			path = ClassfiedsMVVMUITests;
			sourceTree = "<group>";
		};
		DC13985923B3EC4D0051DF12 /* Application */ = {
			isa = PBXGroup;
			children = (
				DC13982923B3EC0C0051DF12 /* AppDelegate.swift */,
				DC13982B23B3EC0C0051DF12 /* SceneDelegate.swift */,
			);
			path = Application;
			sourceTree = "<group>";
		};
		DC13985A23B3EC620051DF12 /* Domain */ = {
			isa = PBXGroup;
			children = (
				DC13986223B4E5300051DF12 /* Entities */,
			);
			path = Domain;
			sourceTree = "<group>";
		};
		DC13985B23B3EC6E0051DF12 /* Presentation */ = {
			isa = PBXGroup;
			children = (
				DC13988323B53B310051DF12 /* Welcome */,
				DC13988823B53B700051DF12 /* Categories */,
				DC13988723B53B5C0051DF12 /* Images */,
				DC13988623B53B4E0051DF12 /* Details */,
				DC13988523B53B400051DF12 /* ImageView */,
				DC13988423B53B390051DF12 /* Cell */,
			);
			path = Presentation;
			sourceTree = "<group>";
		};
		DC13985C23B3EC970051DF12 /* Data */ = {
			isa = PBXGroup;
			children = (
				DC13987723B4E8B80051DF12 /* SQLiteManager.swift */,
				DC13987923B4E9C60051DF12 /* APIRequest.swift */,
			);
			path = Data;
			sourceTree = "<group>";
		};
		DC13985D23B3ECB60051DF12 /* Resources */ = {
			isa = PBXGroup;
			children = (
				DC13983223B3EC0D0051DF12 /* Assets.xcassets */,
				DC13983723B3EC0D0051DF12 /* Info.plist */,
			);
			path = Resources;
			sourceTree = "<group>";
		};
		DC13985E23B3ECBD0051DF12 /* Infrastructure */ = {
			isa = PBXGroup;
			children = (
			);
			path = Infrastructure;
			sourceTree = "<group>";
		};
		DC13986223B4E5300051DF12 /* Entities */ = {
			isa = PBXGroup;
			children = (
				DC13986323B4E5440051DF12 /* Category.swift */,
				DC13986523B4E5B70051DF12 /* JsonModel.swift */,
			);
			path = Entities;
			sourceTree = "<group>";
		};
		DC13987423B4E8600051DF12 /* Helpers */ = {
			isa = PBXGroup;
			children = (
				DC13987523B4E87B0051DF12 /* Extensions.swift */,
				DC13987D23B4EFEC0051DF12 /* Box.swift */,
			);
			path = Helpers;
			sourceTree = "<group>";
		};
		DC13988323B53B310051DF12 /* Welcome */ = {
			isa = PBXGroup;
			children = (
				DC13986823B4E64D0051DF12 /* WelcomeVC.swift */,
				DC13987B23B4EBCB0051DF12 /* WelcomeViewModel.swift */,
			);
			path = Welcome;
			sourceTree = "<group>";
		};
		DC13988423B53B390051DF12 /* Cell */ = {
			isa = PBXGroup;
			children = (
				DC13987223B4E7F10051DF12 /* CustomCell.swift */,
			);
			path = Cell;
			sourceTree = "<group>";
		};
		DC13988523B53B400051DF12 /* ImageView */ = {
			isa = PBXGroup;
			children = (
				DC13987023B4E7C70051DF12 /* CustomImageView.swift */,
				DC13987F23B4FAFC0051DF12 /* CustomImageViewModel.swift */,
			);
			path = ImageView;
			sourceTree = "<group>";
		};
		DC13988623B53B4E0051DF12 /* Details */ = {
			isa = PBXGroup;
			children = (
				DC13986E23B4E6CD0051DF12 /* DetailsVC.swift */,
			);
			path = Details;
			sourceTree = "<group>";
		};
		DC13988723B53B5C0051DF12 /* Images */ = {
			isa = PBXGroup;
			children = (
				DC13986C23B4E6AA0051DF12 /* ImagesVC.swift */,
			);
			path = Images;
			sourceTree = "<group>";
		};
		DC13988823B53B700051DF12 /* Categories */ = {
			isa = PBXGroup;
			children = (
				DC13986A23B4E6850051DF12 /* CategoriesVC.swift */,
				DC13988123B53AF30051DF12 /* CategoriesViewModel.swift */,
			);
			path = Categories;
			sourceTree = "<group>";
		};
/* End PBXGroup section */

/* Begin PBXNativeTarget section */
		DC13982523B3EC0C0051DF12 /* ClassfiedsMVVM */ = {
			isa = PBXNativeTarget;
			buildConfigurationList = DC13985023B3EC0D0051DF12 /* Build configuration list for PBXNativeTarget "ClassfiedsMVVM" */;
			buildPhases = (
				DC13982223B3EC0C0051DF12 /* Sources */,
				DC13982323B3EC0C0051DF12 /* Frameworks */,
				DC13982423B3EC0C0051DF12 /* Resources */,
			);
			buildRules = (
			);
			dependencies = (
			);
			name = ClassfiedsMVVM;
			productName = ClassfiedsMVVM;
			productReference = DC13982623B3EC0C0051DF12 /* ClassfiedsMVVM.app */;
			productType = "com.apple.product-type.application";
		};
		DC13983B23B3EC0D0051DF12 /* ClassfiedsMVVMTests */ = {
			isa = PBXNativeTarget;
			buildConfigurationList = DC13985323B3EC0D0051DF12 /* Build configuration list for PBXNativeTarget "ClassfiedsMVVMTests" */;
			buildPhases = (
				DC13983823B3EC0D0051DF12 /* Sources */,
				DC13983923B3EC0D0051DF12 /* Frameworks */,
				DC13983A23B3EC0D0051DF12 /* Resources */,
			);
			buildRules = (
			);
			dependencies = (
				DC13983E23B3EC0D0051DF12 /* PBXTargetDependency */,
			);
			name = ClassfiedsMVVMTests;
			productName = ClassfiedsMVVMTests;
			productReference = DC13983C23B3EC0D0051DF12 /* ClassfiedsMVVMTests.xctest */;
			productType = "com.apple.product-type.bundle.unit-test";
		};
		DC13984623B3EC0D0051DF12 /* ClassfiedsMVVMUITests */ = {
			isa = PBXNativeTarget;
			buildConfigurationList = DC13985623B3EC0D0051DF12 /* Build configuration list for PBXNativeTarget "ClassfiedsMVVMUITests" */;
			buildPhases = (
				DC13984323B3EC0D0051DF12 /* Sources */,
				DC13984423B3EC0D0051DF12 /* Frameworks */,
				DC13984523B3EC0D0051DF12 /* Resources */,
			);
			buildRules = (
			);
			dependencies = (
				DC13984923B3EC0D0051DF12 /* PBXTargetDependency */,
			);
			name = ClassfiedsMVVMUITests;
			productName = ClassfiedsMVVMUITests;
			productReference = DC13984723B3EC0D0051DF12 /* ClassfiedsMVVMUITests.xctest */;
			productType = "com.apple.product-type.bundle.ui-testing";
		};
/* End PBXNativeTarget section */

/* Begin PBXProject section */
		DC13981E23B3EC0C0051DF12 /* Project object */ = {
			isa = PBXProject;
			attributes = {
				LastSwiftUpdateCheck = 1130;
				LastUpgradeCheck = 1130;
				ORGANIZATIONNAME = "Filip Krzyzanowski";
				TargetAttributes = {
					DC13982523B3EC0C0051DF12 = {
						CreatedOnToolsVersion = 11.3;
					};
					DC13983B23B3EC0D0051DF12 = {
						CreatedOnToolsVersion = 11.3;
						TestTargetID = DC13982523B3EC0C0051DF12;
					};
					DC13984623B3EC0D0051DF12 = {
						CreatedOnToolsVersion = 11.3;
						TestTargetID = DC13982523B3EC0C0051DF12;
					};
				};
			};
			buildConfigurationList = DC13982123B3EC0C0051DF12 /* Build configuration list for PBXProject "ClassfiedsMVVM" */;
			compatibilityVersion = "Xcode 9.3";
			developmentRegion = en;
			hasScannedForEncodings = 0;
			knownRegions = (
				en,
				Base,
			);
			mainGroup = DC13981D23B3EC0C0051DF12;
			productRefGroup = DC13982723B3EC0C0051DF12 /* Products */;
			projectDirPath = "";
			projectRoot = "";
			targets = (
				DC13982523B3EC0C0051DF12 /* ClassfiedsMVVM */,
				DC13983B23B3EC0D0051DF12 /* ClassfiedsMVVMTests */,
				DC13984623B3EC0D0051DF12 /* ClassfiedsMVVMUITests */,
			);
		};
/* End PBXProject section */

/* Begin PBXResourcesBuildPhase section */
		DC13982423B3EC0C0051DF12 /* Resources */ = {
			isa = PBXResourcesBuildPhase;
			buildActionMask = 2147483647;
			files = (
				DC13983323B3EC0D0051DF12 /* Assets.xcassets in Resources */,
				DC13986023B3ED610051DF12 /* Default-568h@2x.png in Resources */,
			);
			runOnlyForDeploymentPostprocessing = 0;
		};
		DC13983A23B3EC0D0051DF12 /* Resources */ = {
			isa = PBXResourcesBuildPhase;
			buildActionMask = 2147483647;
			files = (
			);
			runOnlyForDeploymentPostprocessing = 0;
		};
		DC13984523B3EC0D0051DF12 /* Resources */ = {
			isa = PBXResourcesBuildPhase;
			buildActionMask = 2147483647;
			files = (
			);
			runOnlyForDeploymentPostprocessing = 0;
		};
/* End PBXResourcesBuildPhase section */

/* Begin PBXSourcesBuildPhase section */
		DC13982223B3EC0C0051DF12 /* Sources */ = {
			isa = PBXSourcesBuildPhase;
			buildActionMask = 2147483647;
			files = (
				DC13986D23B4E6AA0051DF12 /* ImagesVC.swift in Sources */,
				DC13987123B4E7C70051DF12 /* CustomImageView.swift in Sources */,
				DC13987A23B4E9C60051DF12 /* APIRequest.swift in Sources */,
				DC13987C23B4EBCB0051DF12 /* WelcomeViewModel.swift in Sources */,
				DC13987323B4E7F10051DF12 /* CustomCell.swift in Sources */,
				DC13987823B4E8B80051DF12 /* SQLiteManager.swift in Sources */,
				DC13986623B4E5B70051DF12 /* JsonModel.swift in Sources */,
				DC13982A23B3EC0C0051DF12 /* AppDelegate.swift in Sources */,
				DC13986F23B4E6CD0051DF12 /* DetailsVC.swift in Sources */,
				DC13987E23B4EFEC0051DF12 /* Box.swift in Sources */,
				DC13988223B53AF30051DF12 /* CategoriesViewModel.swift in Sources */,
				DC13986923B4E64D0051DF12 /* WelcomeVC.swift in Sources */,
				DC13982C23B3EC0C0051DF12 /* SceneDelegate.swift in Sources */,
				DC13986423B4E5440051DF12 /* Category.swift in Sources */,
				DC13987623B4E87B0051DF12 /* Extensions.swift in Sources */,
				DC13986B23B4E6850051DF12 /* CategoriesVC.swift in Sources */,
				DC13988023B4FAFC0051DF12 /* CustomImageViewModel.swift in Sources */,
			);
			runOnlyForDeploymentPostprocessing = 0;
		};
		DC13983823B3EC0D0051DF12 /* Sources */ = {
			isa = PBXSourcesBuildPhase;
			buildActionMask = 2147483647;
			files = (
				DC13984123B3EC0D0051DF12 /* ClassfiedsMVVMTests.swift in Sources */,
			);
			runOnlyForDeploymentPostprocessing = 0;
		};
		DC13984323B3EC0D0051DF12 /* Sources */ = {
			isa = PBXSourcesBuildPhase;
			buildActionMask = 2147483647;
			files = (
				DC13984C23B3EC0D0051DF12 /* ClassfiedsMVVMUITests.swift in Sources */,
			);
			runOnlyForDeploymentPostprocessing = 0;
		};
/* End PBXSourcesBuildPhase section */

/* Begin PBXTargetDependency section */
		DC13983E23B3EC0D0051DF12 /* PBXTargetDependency */ = {
			isa = PBXTargetDependency;
			target = DC13982523B3EC0C0051DF12 /* ClassfiedsMVVM */;
			targetProxy = DC13983D23B3EC0D0051DF12 /* PBXContainerItemProxy */;
		};
		DC13984923B3EC0D0051DF12 /* PBXTargetDependency */ = {
			isa = PBXTargetDependency;
			target = DC13982523B3EC0C0051DF12 /* ClassfiedsMVVM */;
			targetProxy = DC13984823B3EC0D0051DF12 /* PBXContainerItemProxy */;
		};
/* End PBXTargetDependency section */

/* Begin XCBuildConfiguration section */
		DC13984E23B3EC0D0051DF12 /* Debug */ = {
			isa = XCBuildConfiguration;
			buildSettings = {
				ALWAYS_SEARCH_USER_PATHS = NO;
				CLANG_ANALYZER_NONNULL = YES;
				CLANG_ANALYZER_NUMBER_OBJECT_CONVERSION = YES_AGGRESSIVE;
				CLANG_CXX_LANGUAGE_STANDARD = "gnu++14";
				CLANG_CXX_LIBRARY = "libc++";
				CLANG_ENABLE_MODULES = YES;
				CLANG_ENABLE_OBJC_ARC = YES;
				CLANG_ENABLE_OBJC_WEAK = YES;
				CLANG_WARN_BLOCK_CAPTURE_AUTORELEASING = YES;
				CLANG_WARN_BOOL_CONVERSION = YES;
				CLANG_WARN_COMMA = YES;
				CLANG_WARN_CONSTANT_CONVERSION = YES;
				CLANG_WARN_DEPRECATED_OBJC_IMPLEMENTATIONS = YES;
				CLANG_WARN_DIRECT_OBJC_ISA_USAGE = YES_ERROR;
				CLANG_WARN_DOCUMENTATION_COMMENTS = YES;
				CLANG_WARN_EMPTY_BODY = YES;
				CLANG_WARN_ENUM_CONVERSION = YES;
				CLANG_WARN_INFINITE_RECURSION = YES;
				CLANG_WARN_INT_CONVERSION = YES;
				CLANG_WARN_NON_LITERAL_NULL_CONVERSION = YES;
				CLANG_WARN_OBJC_IMPLICIT_RETAIN_SELF = YES;
				CLANG_WARN_OBJC_LITERAL_CONVERSION = YES;
				CLANG_WARN_OBJC_ROOT_CLASS = YES_ERROR;
				CLANG_WARN_RANGE_LOOP_ANALYSIS = YES;
				CLANG_WARN_STRICT_PROTOTYPES = YES;
				CLANG_WARN_SUSPICIOUS_MOVE = YES;
				CLANG_WARN_UNGUARDED_AVAILABILITY = YES_AGGRESSIVE;
				CLANG_WARN_UNREACHABLE_CODE = YES;
				CLANG_WARN__DUPLICATE_METHOD_MATCH = YES;
				COPY_PHASE_STRIP = NO;
				DEBUG_INFORMATION_FORMAT = dwarf;
				ENABLE_STRICT_OBJC_MSGSEND = YES;
				ENABLE_TESTABILITY = YES;
				GCC_C_LANGUAGE_STANDARD = gnu11;
				GCC_DYNAMIC_NO_PIC = NO;
				GCC_NO_COMMON_BLOCKS = YES;
				GCC_OPTIMIZATION_LEVEL = 0;
				GCC_PREPROCESSOR_DEFINITIONS = (
					"DEBUG=1",
					"$(inherited)",
				);
				GCC_WARN_64_TO_32_BIT_CONVERSION = YES;
				GCC_WARN_ABOUT_RETURN_TYPE = YES_ERROR;
				GCC_WARN_UNDECLARED_SELECTOR = YES;
				GCC_WARN_UNINITIALIZED_AUTOS = YES_AGGRESSIVE;
				GCC_WARN_UNUSED_FUNCTION = YES;
				GCC_WARN_UNUSED_VARIABLE = YES;
				IPHONEOS_DEPLOYMENT_TARGET = 13.2;
				MTL_ENABLE_DEBUG_INFO = INCLUDE_SOURCE;
				MTL_FAST_MATH = YES;
				ONLY_ACTIVE_ARCH = YES;
				SDKROOT = iphoneos;
				SWIFT_ACTIVE_COMPILATION_CONDITIONS = DEBUG;
				SWIFT_OPTIMIZATION_LEVEL = "-Onone";
			};
			name = Debug;
		};
		DC13984F23B3EC0D0051DF12 /* Release */ = {
			isa = XCBuildConfiguration;
			buildSettings = {
				ALWAYS_SEARCH_USER_PATHS = NO;
				CLANG_ANALYZER_NONNULL = YES;
				CLANG_ANALYZER_NUMBER_OBJECT_CONVERSION = YES_AGGRESSIVE;
				CLANG_CXX_LANGUAGE_STANDARD = "gnu++14";
				CLANG_CXX_LIBRARY = "libc++";
				CLANG_ENABLE_MODULES = YES;
				CLANG_ENABLE_OBJC_ARC = YES;
				CLANG_ENABLE_OBJC_WEAK = YES;
				CLANG_WARN_BLOCK_CAPTURE_AUTORELEASING = YES;
				CLANG_WARN_BOOL_CONVERSION = YES;
				CLANG_WARN_COMMA = YES;
				CLANG_WARN_CONSTANT_CONVERSION = YES;
				CLANG_WARN_DEPRECATED_OBJC_IMPLEMENTATIONS = YES;
				CLANG_WARN_DIRECT_OBJC_ISA_USAGE = YES_ERROR;
				CLANG_WARN_DOCUMENTATION_COMMENTS = YES;
				CLANG_WARN_EMPTY_BODY = YES;
				CLANG_WARN_ENUM_CONVERSION = YES;
				CLANG_WARN_INFINITE_RECURSION = YES;
				CLANG_WARN_INT_CONVERSION = YES;
				CLANG_WARN_NON_LITERAL_NULL_CONVERSION = YES;
				CLANG_WARN_OBJC_IMPLICIT_RETAIN_SELF = YES;
				CLANG_WARN_OBJC_LITERAL_CONVERSION = YES;
				CLANG_WARN_OBJC_ROOT_CLASS = YES_ERROR;
				CLANG_WARN_RANGE_LOOP_ANALYSIS = YES;
				CLANG_WARN_STRICT_PROTOTYPES = YES;
				CLANG_WARN_SUSPICIOUS_MOVE = YES;
				CLANG_WARN_UNGUARDED_AVAILABILITY = YES_AGGRESSIVE;
				CLANG_WARN_UNREACHABLE_CODE = YES;
				CLANG_WARN__DUPLICATE_METHOD_MATCH = YES;
				COPY_PHASE_STRIP = NO;
				DEBUG_INFORMATION_FORMAT = "dwarf-with-dsym";
				ENABLE_NS_ASSERTIONS = NO;
				ENABLE_STRICT_OBJC_MSGSEND = YES;
				GCC_C_LANGUAGE_STANDARD = gnu11;
				GCC_NO_COMMON_BLOCKS = YES;
				GCC_WARN_64_TO_32_BIT_CONVERSION = YES;
				GCC_WARN_ABOUT_RETURN_TYPE = YES_ERROR;
				GCC_WARN_UNDECLARED_SELECTOR = YES;
				GCC_WARN_UNINITIALIZED_AUTOS = YES_AGGRESSIVE;
				GCC_WARN_UNUSED_FUNCTION = YES;
				GCC_WARN_UNUSED_VARIABLE = YES;
				IPHONEOS_DEPLOYMENT_TARGET = 13.2;
				MTL_ENABLE_DEBUG_INFO = NO;
				MTL_FAST_MATH = YES;
				SDKROOT = iphoneos;
				SWIFT_COMPILATION_MODE = wholemodule;
				SWIFT_OPTIMIZATION_LEVEL = "-O";
				VALIDATE_PRODUCT = YES;
			};
			name = Release;
		};
		DC13985123B3EC0D0051DF12 /* Debug */ = {
			isa = XCBuildConfiguration;
			buildSettings = {
				ASSETCATALOG_COMPILER_APPICON_NAME = AppIcon;
				CODE_SIGN_STYLE = Automatic;
				DEVELOPMENT_TEAM = 3378LL69RZ;
				INFOPLIST_FILE = ClassfiedsMVVM/Resources/Info.plist;
				LD_RUNPATH_SEARCH_PATHS = (
					"$(inherited)",
					"@executable_path/Frameworks",
				);
				PRODUCT_BUNDLE_IDENTIFIER = com.filipkrzyzanowski.ClassfiedsMVVM;
				PRODUCT_NAME = "$(TARGET_NAME)";
				SWIFT_VERSION = 5.0;
				TARGETED_DEVICE_FAMILY = "1,2";
			};
			name = Debug;
		};
		DC13985223B3EC0D0051DF12 /* Release */ = {
			isa = XCBuildConfiguration;
			buildSettings = {
				ASSETCATALOG_COMPILER_APPICON_NAME = AppIcon;
				CODE_SIGN_STYLE = Automatic;
				DEVELOPMENT_TEAM = 3378LL69RZ;
				INFOPLIST_FILE = ClassfiedsMVVM/Resources/Info.plist;
				LD_RUNPATH_SEARCH_PATHS = (
					"$(inherited)",
					"@executable_path/Frameworks",
				);
				PRODUCT_BUNDLE_IDENTIFIER = com.filipkrzyzanowski.ClassfiedsMVVM;
				PRODUCT_NAME = "$(TARGET_NAME)";
				SWIFT_VERSION = 5.0;
				TARGETED_DEVICE_FAMILY = "1,2";
			};
			name = Release;
		};
		DC13985423B3EC0D0051DF12 /* Debug */ = {
			isa = XCBuildConfiguration;
			buildSettings = {
				ALWAYS_EMBED_SWIFT_STANDARD_LIBRARIES = YES;
				BUNDLE_LOADER = "$(TEST_HOST)";
				CODE_SIGN_STYLE = Automatic;
				DEVELOPMENT_TEAM = 3378LL69RZ;
				INFOPLIST_FILE = ClassfiedsMVVMTests/Info.plist;
				IPHONEOS_DEPLOYMENT_TARGET = 13.2;
				LD_RUNPATH_SEARCH_PATHS = (
					"$(inherited)",
					"@executable_path/Frameworks",
					"@loader_path/Frameworks",
				);
				PRODUCT_BUNDLE_IDENTIFIER = com.filipkrzyzanowski.ClassfiedsMVVMTests;
				PRODUCT_NAME = "$(TARGET_NAME)";
				SWIFT_VERSION = 5.0;
				TARGETED_DEVICE_FAMILY = "1,2";
				TEST_HOST = "$(BUILT_PRODUCTS_DIR)/ClassfiedsMVVM.app/ClassfiedsMVVM";
			};
			name = Debug;
		};
		DC13985523B3EC0D0051DF12 /* Release */ = {
			isa = XCBuildConfiguration;
			buildSettings = {
				ALWAYS_EMBED_SWIFT_STANDARD_LIBRARIES = YES;
				BUNDLE_LOADER = "$(TEST_HOST)";
				CODE_SIGN_STYLE = Automatic;
				DEVELOPMENT_TEAM = 3378LL69RZ;
				INFOPLIST_FILE = ClassfiedsMVVMTests/Info.plist;
				IPHONEOS_DEPLOYMENT_TARGET = 13.2;
				LD_RUNPATH_SEARCH_PATHS = (
					"$(inherited)",
					"@executable_path/Frameworks",
					"@loader_path/Frameworks",
				);
				PRODUCT_BUNDLE_IDENTIFIER = com.filipkrzyzanowski.ClassfiedsMVVMTests;
				PRODUCT_NAME = "$(TARGET_NAME)";
				SWIFT_VERSION = 5.0;
				TARGETED_DEVICE_FAMILY = "1,2";
				TEST_HOST = "$(BUILT_PRODUCTS_DIR)/ClassfiedsMVVM.app/ClassfiedsMVVM";
			};
			name = Release;
		};
		DC13985723B3EC0D0051DF12 /* Debug */ = {
			isa = XCBuildConfiguration;
			buildSettings = {
				ALWAYS_EMBED_SWIFT_STANDARD_LIBRARIES = YES;
				CODE_SIGN_STYLE = Automatic;
				DEVELOPMENT_TEAM = 3378LL69RZ;
				INFOPLIST_FILE = ClassfiedsMVVMUITests/Info.plist;
				LD_RUNPATH_SEARCH_PATHS = (
					"$(inherited)",
					"@executable_path/Frameworks",
					"@loader_path/Frameworks",
				);
				PRODUCT_BUNDLE_IDENTIFIER = com.filipkrzyzanowski.ClassfiedsMVVMUITests;
				PRODUCT_NAME = "$(TARGET_NAME)";
				SWIFT_VERSION = 5.0;
				TARGETED_DEVICE_FAMILY = "1,2";
				TEST_TARGET_NAME = ClassfiedsMVVM;
			};
			name = Debug;
		};
		DC13985823B3EC0D0051DF12 /* Release */ = {
			isa = XCBuildConfiguration;
			buildSettings = {
				ALWAYS_EMBED_SWIFT_STANDARD_LIBRARIES = YES;
				CODE_SIGN_STYLE = Automatic;
				DEVELOPMENT_TEAM = 3378LL69RZ;
				INFOPLIST_FILE = ClassfiedsMVVMUITests/Info.plist;
				LD_RUNPATH_SEARCH_PATHS = (
					"$(inherited)",
					"@executable_path/Frameworks",
					"@loader_path/Frameworks",
				);
				PRODUCT_BUNDLE_IDENTIFIER = com.filipkrzyzanowski.ClassfiedsMVVMUITests;
				PRODUCT_NAME = "$(TARGET_NAME)";
				SWIFT_VERSION = 5.0;
				TARGETED_DEVICE_FAMILY = "1,2";
				TEST_TARGET_NAME = ClassfiedsMVVM;
			};
			name = Release;
		};
/* End XCBuildConfiguration section */

/* Begin XCConfigurationList section */
		DC13982123B3EC0C0051DF12 /* Build configuration list for PBXProject "ClassfiedsMVVM" */ = {
			isa = XCConfigurationList;
			buildConfigurations = (
				DC13984E23B3EC0D0051DF12 /* Debug */,
				DC13984F23B3EC0D0051DF12 /* Release */,
			);
			defaultConfigurationIsVisible = 0;
			defaultConfigurationName = Release;
		};
		DC13985023B3EC0D0051DF12 /* Build configuration list for PBXNativeTarget "ClassfiedsMVVM" */ = {
			isa = XCConfigurationList;
			buildConfigurations = (
				DC13985123B3EC0D0051DF12 /* Debug */,
				DC13985223B3EC0D0051DF12 /* Release */,
			);
			defaultConfigurationIsVisible = 0;
			defaultConfigurationName = Release;
		};
		DC13985323B3EC0D0051DF12 /* Build configuration list for PBXNativeTarget "ClassfiedsMVVMTests" */ = {
			isa = XCConfigurationList;
			buildConfigurations = (
				DC13985423B3EC0D0051DF12 /* Debug */,
				DC13985523B3EC0D0051DF12 /* Release */,
			);
			defaultConfigurationIsVisible = 0;
			defaultConfigurationName = Release;
		};
		DC13985623B3EC0D0051DF12 /* Build configuration list for PBXNativeTarget "ClassfiedsMVVMUITests" */ = {
			isa = XCConfigurationList;
			buildConfigurations = (
				DC13985723B3EC0D0051DF12 /* Debug */,
				DC13985823B3EC0D0051DF12 /* Release */,
			);
			defaultConfigurationIsVisible = 0;
			defaultConfigurationName = Release;
		};
/* End XCConfigurationList section */
	};
	rootObject = DC13981E23B3EC0C0051DF12 /* Project object */;
}
